
Microsoft Visual Studio Solution File, Format Version 12.00
# Visual Studio Version 17
VisualStudioVersion = 17.1.32407.343
MinimumVisualStudioVersion = 10.0.40219.1
Project("{FAE04EC0-301F-11D3-BF4B-00C04F79EFBC}") = "APOM.Business", "APOM.Business\APOM.Business.csproj", "{D20F67DA-CE77-4261-B8B9-27F7B724781B}"
EndProject
Project("{FAE04EC0-301F-11D3-BF4B-00C04F79EFBC}") = "APOM.Common", "APOM.Common\APOM.Common.csproj", "{E8EDB5BA-E133-4B69-8718-262B39C59184}"
EndProject
Project("{FAE04EC0-301F-11D3-BF4B-00C04F79EFBC}") = "APOM.DataAccess", "APOM.DataAccess\APOM.DataAccess.csproj", "{E217AFF2-FB92-4934-8300-F486CEC655B9}"
EndProject
Project("{FAE04EC0-301F-11D3-BF4B-00C04F79EFBC}") = "APOM.Entities", "APOM.Entities\APOM.Entities.csproj", "{8A1C2784-BCE3-433B-82E8-573EBFF83515}"
EndProject
Project("{FAE04EC0-301F-11D3-BF4B-00C04F79EFBC}") = "APOM.Log", "APOM.Log\APOM.Log.csproj", "{F3DFB9CD-1885-4427-A23D-4D3DA13DBF73}"
EndProject
Project("{FAE04EC0-301F-11D3-BF4B-00C04F79EFBC}") = "APOM.Security", "APOM.Security\APOM.Security.csproj", "{19E51CEE-E666-4939-A9D0-2FD610C9BBBB}"
EndProject
Project("{FAE04EC0-301F-11D3-BF4B-00C04F79EFBC}") = "ApomContaEnviada", "ApomContaEnviada\ApomContaEnviada.csproj", "{CCF2C1C0-20AE-44D0-BA27-EB20928A412E}"
EndProject
Project("{54435603-DBB4-11D2-8724-00A0C9A8B90C}") = "SetupSrvTranEnviadasContabilidad", "SetupSrvTranEnviadasContabilidad\SetupSrvTranEnviadasContabilidad.vdproj", "{C9559720-8F99-4552-B21E-6CC9D24D86B7}"
EndProject
Project("{FAE04EC0-301F-11D3-BF4B-00C04F79EFBC}") = "BCP.Whatsapp.Contabilidad", "BCP.Whatsapp.Contabilidad\BCP.Whatsapp.Contabilidad.csproj", "{6ADA93F2-EA19-4980-A9BC-281C10839662}"
EndProject
Project("{FAE04EC0-301F-11D3-BF4B-00C04F79EFBC}") = "BCP.Whatsapp.DataAccessConta", "BCP.Whatsapp.DataAccessConta\BCP.Whatsapp.DataAccessConta.csproj", "{339E9244-8C0C-40F2-A751-C6C2B32EBA1C}"
EndProject
Global
	GlobalSection(SolutionConfigurationPlatforms) = preSolution
		CD_ROM|Any CPU = CD_ROM|Any CPU
		CD_ROM|Mixed Platforms = CD_ROM|Mixed Platforms
		CD_ROM|x86 = CD_ROM|x86
		Debug|Any CPU = Debug|Any CPU
		Debug|Mixed Platforms = Debug|Mixed Platforms
		Debug|x86 = Debug|x86
		DVD-5|Any CPU = DVD-5|Any CPU
		DVD-5|Mixed Platforms = DVD-5|Mixed Platforms
		DVD-5|x86 = DVD-5|x86
		Release|Any CPU = Release|Any CPU
		Release|Mixed Platforms = Release|Mixed Platforms
		Release|x86 = Release|x86
		SingleImage|Any CPU = SingleImage|Any CPU
		SingleImage|Mixed Platforms = SingleImage|Mixed Platforms
		SingleImage|x86 = SingleImage|x86
	EndGlobalSection
	GlobalSection(ProjectConfigurationPlatforms) = postSolution
		{D20F67DA-CE77-4261-B8B9-27F7B724781B}.CD_ROM|Any CPU.ActiveCfg = Release|Any CPU
		{D20F67DA-CE77-4261-B8B9-27F7B724781B}.CD_ROM|Mixed Platforms.ActiveCfg = Release|Any CPU
		{D20F67DA-CE77-4261-B8B9-27F7B724781B}.CD_ROM|x86.ActiveCfg = Release|Any CPU
		{D20F67DA-CE77-4261-B8B9-27F7B724781B}.Debug|Any CPU.ActiveCfg = Debug|Any CPU
		{D20F67DA-CE77-4261-B8B9-27F7B724781B}.Debug|Any CPU.Build.0 = Debug|Any CPU
		{D20F67DA-CE77-4261-B8B9-27F7B724781B}.Debug|Mixed Platforms.ActiveCfg = Debug|Any CPU
		{D20F67DA-CE77-4261-B8B9-27F7B724781B}.Debug|Mixed Platforms.Build.0 = Debug|Any CPU
		{D20F67DA-CE77-4261-B8B9-27F7B724781B}.Debug|x86.ActiveCfg = Debug|Any CPU
		{D20F67DA-CE77-4261-B8B9-27F7B724781B}.DVD-5|Any CPU.ActiveCfg = Debug|Any CPU
		{D20F67DA-CE77-4261-B8B9-27F7B724781B}.DVD-5|Mixed Platforms.ActiveCfg = Debug|Any CPU
		{D20F67DA-CE77-4261-B8B9-27F7B724781B}.DVD-5|x86.ActiveCfg = Debug|Any CPU
		{D20F67DA-CE77-4261-B8B9-27F7B724781B}.Release|Any CPU.ActiveCfg = Release|Any CPU
		{D20F67DA-CE77-4261-B8B9-27F7B724781B}.Release|Any CPU.Build.0 = Release|Any CPU
		{D20F67DA-CE77-4261-B8B9-27F7B724781B}.Release|Mixed Platforms.ActiveCfg = Release|Any CPU
		{D20F67DA-CE77-4261-B8B9-27F7B724781B}.Release|Mixed Platforms.Build.0 = Release|Any CPU
		{D20F67DA-CE77-4261-B8B9-27F7B724781B}.Release|x86.ActiveCfg = Release|Any CPU
		{D20F67DA-CE77-4261-B8B9-27F7B724781B}.SingleImage|Any CPU.ActiveCfg = Release|Any CPU
		{D20F67DA-CE77-4261-B8B9-27F7B724781B}.SingleImage|Mixed Platforms.ActiveCfg = Release|Any CPU
		{D20F67DA-CE77-4261-B8B9-27F7B724781B}.SingleImage|x86.ActiveCfg = Release|Any CPU
		{E8EDB5BA-E133-4B69-8718-262B39C59184}.CD_ROM|Any CPU.ActiveCfg = Release|Any CPU
		{E8EDB5BA-E133-4B69-8718-262B39C59184}.CD_ROM|Mixed Platforms.ActiveCfg = Release|Any CPU
		{E8EDB5BA-E133-4B69-8718-262B39C59184}.CD_ROM|x86.ActiveCfg = Release|Any CPU
		{E8EDB5BA-E133-4B69-8718-262B39C59184}.Debug|Any CPU.ActiveCfg = Debug|Any CPU
		{E8EDB5BA-E133-4B69-8718-262B39C59184}.Debug|Any CPU.Build.0 = Debug|Any CPU
		{E8EDB5BA-E133-4B69-8718-262B39C59184}.Debug|Mixed Platforms.ActiveCfg = Debug|Any CPU
		{E8EDB5BA-E133-4B69-8718-262B39C59184}.Debug|Mixed Platforms.Build.0 = Debug|Any CPU
		{E8EDB5BA-E133-4B69-8718-262B39C59184}.Debug|x86.ActiveCfg = Debug|Any CPU
		{E8EDB5BA-E133-4B69-8718-262B39C59184}.DVD-5|Any CPU.ActiveCfg = Debug|Any CPU
		{E8EDB5BA-E133-4B69-8718-262B39C59184}.DVD-5|Mixed Platforms.ActiveCfg = Debug|Any CPU
		{E8EDB5BA-E133-4B69-8718-262B39C59184}.DVD-5|x86.ActiveCfg = Debug|Any CPU
		{E8EDB5BA-E133-4B69-8718-262B39C59184}.Release|Any CPU.ActiveCfg = Release|Any CPU
		{E8EDB5BA-E133-4B69-8718-262B39C59184}.Release|Any CPU.Build.0 = Release|Any CPU
		{E8EDB5BA-E133-4B69-8718-262B39C59184}.Release|Mixed Platforms.ActiveCfg = Release|Any CPU
		{E8EDB5BA-E133-4B69-8718-262B39C59184}.Release|Mixed Platforms.Build.0 = Release|Any CPU
		{E8EDB5BA-E133-4B69-8718-262B39C59184}.Release|x86.ActiveCfg = Release|Any CPU
		{E8EDB5BA-E133-4B69-8718-262B39C59184}.SingleImage|Any CPU.ActiveCfg = Release|Any CPU
		{E8EDB5BA-E133-4B69-8718-262B39C59184}.SingleImage|Mixed Platforms.ActiveCfg = Release|Any CPU
		{E8EDB5BA-E133-4B69-8718-262B39C59184}.SingleImage|x86.ActiveCfg = Release|Any CPU
		{E217AFF2-FB92-4934-8300-F486CEC655B9}.CD_ROM|Any CPU.ActiveCfg = Release|Any CPU
		{E217AFF2-FB92-4934-8300-F486CEC655B9}.CD_ROM|Mixed Platforms.ActiveCfg = Release|Any CPU
		{E217AFF2-FB92-4934-8300-F486CEC655B9}.CD_ROM|x86.ActiveCfg = Release|Any CPU
		{E217AFF2-FB92-4934-8300-F486CEC655B9}.Debug|Any CPU.ActiveCfg = Debug|Any CPU
		{E217AFF2-FB92-4934-8300-F486CEC655B9}.Debug|Any CPU.Build.0 = Debug|Any CPU
		{E217AFF2-FB92-4934-8300-F486CEC655B9}.Debug|Mixed Platforms.ActiveCfg = Debug|Any CPU
		{E217AFF2-FB92-4934-8300-F486CEC655B9}.Debug|Mixed Platforms.Build.0 = Debug|Any CPU
		{E217AFF2-FB92-4934-8300-F486CEC655B9}.Debug|x86.ActiveCfg = Debug|Any CPU
		{E217AFF2-FB92-4934-8300-F486CEC655B9}.DVD-5|Any CPU.ActiveCfg = Debug|Any CPU
		{E217AFF2-FB92-4934-8300-F486CEC655B9}.DVD-5|Mixed Platforms.ActiveCfg = Debug|Any CPU
		{E217AFF2-FB92-4934-8300-F486CEC655B9}.DVD-5|x86.ActiveCfg = Debug|Any CPU
		{E217AFF2-FB92-4934-8300-F486CEC655B9}.Release|Any CPU.ActiveCfg = Release|Any CPU
		{E217AFF2-FB92-4934-8300-F486CEC655B9}.Release|Any CPU.Build.0 = Release|Any CPU
		{E217AFF2-FB92-4934-8300-F486CEC655B9}.Release|Mixed Platforms.ActiveCfg = Release|Any CPU
		{E217AFF2-FB92-4934-8300-F486CEC655B9}.Release|Mixed Platforms.Build.0 = Release|Any CPU
		{E217AFF2-FB92-4934-8300-F486CEC655B9}.Release|x86.ActiveCfg = Release|Any CPU
		{E217AFF2-FB92-4934-8300-F486CEC655B9}.SingleImage|Any CPU.ActiveCfg = Release|Any CPU
		{E217AFF2-FB92-4934-8300-F486CEC655B9}.SingleImage|Mixed Platforms.ActiveCfg = Release|Any CPU
		{E217AFF2-FB92-4934-8300-F486CEC655B9}.SingleImage|x86.ActiveCfg = Release|Any CPU
		{8A1C2784-BCE3-433B-82E8-573EBFF83515}.CD_ROM|Any CPU.ActiveCfg = Release|Any CPU
		{8A1C2784-BCE3-433B-82E8-573EBFF83515}.CD_ROM|Mixed Platforms.ActiveCfg = Release|Any CPU
		{8A1C2784-BCE3-433B-82E8-573EBFF83515}.CD_ROM|x86.ActiveCfg = Release|Any CPU
		{8A1C2784-BCE3-433B-82E8-573EBFF83515}.Debug|Any CPU.ActiveCfg = Debug|Any CPU
		{8A1C2784-BCE3-433B-82E8-573EBFF83515}.Debug|Any CPU.Build.0 = Debug|Any CPU
		{8A1C2784-BCE3-433B-82E8-573EBFF83515}.Debug|Mixed Platforms.ActiveCfg = Debug|Any CPU
		{8A1C2784-BCE3-433B-82E8-573EBFF83515}.Debug|Mixed Platforms.Build.0 = Debug|Any CPU
		{8A1C2784-BCE3-433B-82E8-573EBFF83515}.Debug|x86.ActiveCfg = Debug|Any CPU
		{8A1C2784-BCE3-433B-82E8-573EBFF83515}.DVD-5|Any CPU.ActiveCfg = Debug|Any CPU
		{8A1C2784-BCE3-433B-82E8-573EBFF83515}.DVD-5|Mixed Platforms.ActiveCfg = Debug|Any CPU
		{8A1C2784-BCE3-433B-82E8-573EBFF83515}.DVD-5|x86.ActiveCfg = Debug|Any CPU
		{8A1C2784-BCE3-433B-82E8-573EBFF83515}.Release|Any CPU.ActiveCfg = Release|Any CPU
		{8A1C2784-BCE3-433B-82E8-573EBFF83515}.Release|Any CPU.Build.0 = Release|Any CPU
		{8A1C2784-BCE3-433B-82E8-573EBFF83515}.Release|Mixed Platforms.ActiveCfg = Release|Any CPU
		{8A1C2784-BCE3-433B-82E8-573EBFF83515}.Release|Mixed Platforms.Build.0 = Release|Any CPU
		{8A1C2784-BCE3-433B-82E8-573EBFF83515}.Release|x86.ActiveCfg = Release|Any CPU
		{8A1C2784-BCE3-433B-82E8-573EBFF83515}.SingleImage|Any CPU.ActiveCfg = Release|Any CPU
		{8A1C2784-BCE3-433B-82E8-573EBFF83515}.SingleImage|Mixed Platforms.ActiveCfg = Release|Any CPU
		{8A1C2784-BCE3-433B-82E8-573EBFF83515}.SingleImage|x86.ActiveCfg = Release|Any CPU
		{F3DFB9CD-1885-4427-A23D-4D3DA13DBF73}.CD_ROM|Any CPU.ActiveCfg = Release|Any CPU
		{F3DFB9CD-1885-4427-A23D-4D3DA13DBF73}.CD_ROM|Mixed Platforms.ActiveCfg = Release|Any CPU
		{F3DFB9CD-1885-4427-A23D-4D3DA13DBF73}.CD_ROM|x86.ActiveCfg = Release|Any CPU
		{F3DFB9CD-1885-4427-A23D-4D3DA13DBF73}.Debug|Any CPU.ActiveCfg = Debug|Any CPU
		{F3DFB9CD-1885-4427-A23D-4D3DA13DBF73}.Debug|Any CPU.Build.0 = Debug|Any CPU
		{F3DFB9CD-1885-4427-A23D-4D3DA13DBF73}.Debug|Mixed Platforms.ActiveCfg = Debug|Any CPU
		{F3DFB9CD-1885-4427-A23D-4D3DA13DBF73}.Debug|Mixed Platforms.Build.0 = Debug|Any CPU
		{F3DFB9CD-1885-4427-A23D-4D3DA13DBF73}.Debug|x86.ActiveCfg = Debug|Any CPU
		{F3DFB9CD-1885-4427-A23D-4D3DA13DBF73}.DVD-5|Any CPU.ActiveCfg = Debug|Any CPU
		{F3DFB9CD-1885-4427-A23D-4D3DA13DBF73}.DVD-5|Mixed Platforms.ActiveCfg = Debug|Any CPU
		{F3DFB9CD-1885-4427-A23D-4D3DA13DBF73}.DVD-5|x86.ActiveCfg = Debug|Any CPU
		{F3DFB9CD-1885-4427-A23D-4D3DA13DBF73}.Release|Any CPU.ActiveCfg = Release|Any CPU
		{F3DFB9CD-1885-4427-A23D-4D3DA13DBF73}.Release|Any CPU.Build.0 = Release|Any CPU
		{F3DFB9CD-1885-4427-A23D-4D3DA13DBF73}.Release|Mixed Platforms.ActiveCfg = Release|Any CPU
		{F3DFB9CD-1885-4427-A23D-4D3DA13DBF73}.Release|Mixed Platforms.Build.0 = Release|Any CPU
		{F3DFB9CD-1885-4427-A23D-4D3DA13DBF73}.Release|x86.ActiveCfg = Release|Any CPU
		{F3DFB9CD-1885-4427-A23D-4D3DA13DBF73}.SingleImage|Any CPU.ActiveCfg = Release|Any CPU
		{F3DFB9CD-1885-4427-A23D-4D3DA13DBF73}.SingleImage|Mixed Platforms.ActiveCfg = Release|Any CPU
		{F3DFB9CD-1885-4427-A23D-4D3DA13DBF73}.SingleImage|x86.ActiveCfg = Release|Any CPU
		{19E51CEE-E666-4939-A9D0-2FD610C9BBBB}.CD_ROM|Any CPU.ActiveCfg = Release|Any CPU
		{19E51CEE-E666-4939-A9D0-2FD610C9BBBB}.CD_ROM|Mixed Platforms.ActiveCfg = Release|Any CPU
		{19E51CEE-E666-4939-A9D0-2FD610C9BBBB}.CD_ROM|x86.ActiveCfg = Release|Any CPU
		{19E51CEE-E666-4939-A9D0-2FD610C9BBBB}.Debug|Any CPU.ActiveCfg = Debug|Any CPU
		{19E51CEE-E666-4939-A9D0-2FD610C9BBBB}.Debug|Any CPU.Build.0 = Debug|Any CPU
		{19E51CEE-E666-4939-A9D0-2FD610C9BBBB}.Debug|Mixed Platforms.ActiveCfg = Debug|Any CPU
		{19E51CEE-E666-4939-A9D0-2FD610C9BBBB}.Debug|Mixed Platforms.Build.0 = Debug|Any CPU
		{19E51CEE-E666-4939-A9D0-2FD610C9BBBB}.Debug|x86.ActiveCfg = Debug|Any CPU
		{19E51CEE-E666-4939-A9D0-2FD610C9BBBB}.DVD-5|Any CPU.ActiveCfg = Debug|Any CPU
		{19E51CEE-E666-4939-A9D0-2FD610C9BBBB}.DVD-5|Mixed Platforms.ActiveCfg = Debug|Any CPU
		{19E51CEE-E666-4939-A9D0-2FD610C9BBBB}.DVD-5|x86.ActiveCfg = Debug|Any CPU
		{19E51CEE-E666-4939-A9D0-2FD610C9BBBB}.Release|Any CPU.ActiveCfg = Release|Any CPU
		{19E51CEE-E666-4939-A9D0-2FD610C9BBBB}.Release|Any CPU.Build.0 = Release|Any CPU
		{19E51CEE-E666-4939-A9D0-2FD610C9BBBB}.Release|Mixed Platforms.ActiveCfg = Release|Any CPU
		{19E51CEE-E666-4939-A9D0-2FD610C9BBBB}.Release|Mixed Platforms.Build.0 = Release|Any CPU
		{19E51CEE-E666-4939-A9D0-2FD610C9BBBB}.Release|x86.ActiveCfg = Release|Any CPU
		{19E51CEE-E666-4939-A9D0-2FD610C9BBBB}.SingleImage|Any CPU.ActiveCfg = Release|Any CPU
		{19E51CEE-E666-4939-A9D0-2FD610C9BBBB}.SingleImage|Mixed Platforms.ActiveCfg = Release|Any CPU
		{19E51CEE-E666-4939-A9D0-2FD610C9BBBB}.SingleImage|x86.ActiveCfg = Release|Any CPU
		{CCF2C1C0-20AE-44D0-BA27-EB20928A412E}.CD_ROM|Any CPU.ActiveCfg = Release|Any CPU
		{CCF2C1C0-20AE-44D0-BA27-EB20928A412E}.CD_ROM|Any CPU.Build.0 = Release|Any CPU
		{CCF2C1C0-20AE-44D0-BA27-EB20928A412E}.CD_ROM|Mixed Platforms.ActiveCfg = Release|Any CPU
		{CCF2C1C0-20AE-44D0-BA27-EB20928A412E}.CD_ROM|Mixed Platforms.Build.0 = Release|Any CPU
		{CCF2C1C0-20AE-44D0-BA27-EB20928A412E}.CD_ROM|x86.ActiveCfg = Release|Any CPU
		{CCF2C1C0-20AE-44D0-BA27-EB20928A412E}.CD_ROM|x86.Build.0 = Release|Any CPU
		{CCF2C1C0-20AE-44D0-BA27-EB20928A412E}.Debug|Any CPU.ActiveCfg = Debug|Any CPU
		{CCF2C1C0-20AE-44D0-BA27-EB20928A412E}.Debug|Any CPU.Build.0 = Debug|Any CPU
		{CCF2C1C0-20AE-44D0-BA27-EB20928A412E}.Debug|Mixed Platforms.ActiveCfg = Debug|Any CPU
		{CCF2C1C0-20AE-44D0-BA27-EB20928A412E}.Debug|Mixed Platforms.Build.0 = Debug|Any CPU
		{CCF2C1C0-20AE-44D0-BA27-EB20928A412E}.Debug|x86.ActiveCfg = Debug|Any CPU
		{CCF2C1C0-20AE-44D0-BA27-EB20928A412E}.Debug|x86.Build.0 = Debug|Any CPU
		{CCF2C1C0-20AE-44D0-BA27-EB20928A412E}.DVD-5|Any CPU.ActiveCfg = Debug|Any CPU
		{CCF2C1C0-20AE-44D0-BA27-EB20928A412E}.DVD-5|Any CPU.Build.0 = Debug|Any CPU
		{CCF2C1C0-20AE-44D0-BA27-EB20928A412E}.DVD-5|Mixed Platforms.ActiveCfg = Debug|Any CPU
		{CCF2C1C0-20AE-44D0-BA27-EB20928A412E}.DVD-5|Mixed Platforms.Build.0 = Debug|Any CPU
		{CCF2C1C0-20AE-44D0-BA27-EB20928A412E}.DVD-5|x86.ActiveCfg = Debug|Any CPU
		{CCF2C1C0-20AE-44D0-BA27-EB20928A412E}.DVD-5|x86.Build.0 = Debug|Any CPU
		{CCF2C1C0-20AE-44D0-BA27-EB20928A412E}.Release|Any CPU.ActiveCfg = Release|Any CPU
		{CCF2C1C0-20AE-44D0-BA27-EB20928A412E}.Release|Any CPU.Build.0 = Release|Any CPU
		{CCF2C1C0-20AE-44D0-BA27-EB20928A412E}.Release|Mixed Platforms.ActiveCfg = Release|Any CPU
		{CCF2C1C0-20AE-44D0-BA27-EB20928A412E}.Release|Mixed Platforms.Build.0 = Release|Any CPU
		{CCF2C1C0-20AE-44D0-BA27-EB20928A412E}.Release|x86.ActiveCfg = Release|Any CPU
		{CCF2C1C0-20AE-44D0-BA27-EB20928A412E}.Release|x86.Build.0 = Release|Any CPU
		{CCF2C1C0-20AE-44D0-BA27-EB20928A412E}.SingleImage|Any CPU.ActiveCfg = Release|Any CPU
		{CCF2C1C0-20AE-44D0-BA27-EB20928A412E}.SingleImage|Any CPU.Build.0 = Release|Any CPU
		{CCF2C1C0-20AE-44D0-BA27-EB20928A412E}.SingleImage|Mixed Platforms.ActiveCfg = Release|Any CPU
		{CCF2C1C0-20AE-44D0-BA27-EB20928A412E}.SingleImage|Mixed Platforms.Build.0 = Release|Any CPU
		{CCF2C1C0-20AE-44D0-BA27-EB20928A412E}.SingleImage|x86.ActiveCfg = Release|Any CPU
		{CCF2C1C0-20AE-44D0-BA27-EB20928A412E}.SingleImage|x86.Build.0 = Release|Any CPU
		{C9559720-8F99-4552-B21E-6CC9D24D86B7}.CD_ROM|Any CPU.ActiveCfg = Release
		{C9559720-8F99-4552-B21E-6CC9D24D86B7}.CD_ROM|Mixed Platforms.ActiveCfg = Release
		{C9559720-8F99-4552-B21E-6CC9D24D86B7}.CD_ROM|x86.ActiveCfg = Release
		{C9559720-8F99-4552-B21E-6CC9D24D86B7}.Debug|Any CPU.ActiveCfg = Debug
		{C9559720-8F99-4552-B21E-6CC9D24D86B7}.Debug|Mixed Platforms.ActiveCfg = Debug
		{C9559720-8F99-4552-B21E-6CC9D24D86B7}.Debug|x86.ActiveCfg = Debug
		{C9559720-8F99-4552-B21E-6CC9D24D86B7}.DVD-5|Any CPU.ActiveCfg = Debug
		{C9559720-8F99-4552-B21E-6CC9D24D86B7}.DVD-5|Mixed Platforms.ActiveCfg = Debug
		{C9559720-8F99-4552-B21E-6CC9D24D86B7}.DVD-5|x86.ActiveCfg = Debug
		{C9559720-8F99-4552-B21E-6CC9D24D86B7}.Release|Any CPU.ActiveCfg = Release
		{C9559720-8F99-4552-B21E-6CC9D24D86B7}.Release|Mixed Platforms.ActiveCfg = Release
		{C9559720-8F99-4552-B21E-6CC9D24D86B7}.Release|x86.ActiveCfg = Release
		{C9559720-8F99-4552-B21E-6CC9D24D86B7}.SingleImage|Any CPU.ActiveCfg = Release
		{C9559720-8F99-4552-B21E-6CC9D24D86B7}.SingleImage|Mixed Platforms.ActiveCfg = Release
		{C9559720-8F99-4552-B21E-6CC9D24D86B7}.SingleImage|x86.ActiveCfg = Release
		{6ADA93F2-EA19-4980-A9BC-281C10839662}.CD_ROM|Any CPU.ActiveCfg = Debug|Any CPU
		{6ADA93F2-EA19-4980-A9BC-281C10839662}.CD_ROM|Any CPU.Build.0 = Debug|Any CPU
		{6ADA93F2-EA19-4980-A9BC-281C10839662}.CD_ROM|Mixed Platforms.ActiveCfg = Debug|Any CPU
		{6ADA93F2-EA19-4980-A9BC-281C10839662}.CD_ROM|Mixed Platforms.Build.0 = Debug|Any CPU
		{6ADA93F2-EA19-4980-A9BC-281C10839662}.CD_ROM|x86.ActiveCfg = Debug|Any CPU
		{6ADA93F2-EA19-4980-A9BC-281C10839662}.CD_ROM|x86.Build.0 = Debug|Any CPU
		{6ADA93F2-EA19-4980-A9BC-281C10839662}.Debug|Any CPU.ActiveCfg = Debug|Any CPU
		{6ADA93F2-EA19-4980-A9BC-281C10839662}.Debug|Any CPU.Build.0 = Debug|Any CPU
		{6ADA93F2-EA19-4980-A9BC-281C10839662}.Debug|Mixed Platforms.ActiveCfg = Debug|Any CPU
		{6ADA93F2-EA19-4980-A9BC-281C10839662}.Debug|Mixed Platforms.Build.0 = Debug|Any CPU
		{6ADA93F2-EA19-4980-A9BC-281C10839662}.Debug|x86.ActiveCfg = Debug|Any CPU
		{6ADA93F2-EA19-4980-A9BC-281C10839662}.Debug|x86.Build.0 = Debug|Any CPU
		{6ADA93F2-EA19-4980-A9BC-281C10839662}.DVD-5|Any CPU.ActiveCfg = Debug|Any CPU
		{6ADA93F2-EA19-4980-A9BC-281C10839662}.DVD-5|Any CPU.Build.0 = Debug|Any CPU
		{6ADA93F2-EA19-4980-A9BC-281C10839662}.DVD-5|Mixed Platforms.ActiveCfg = Debug|Any CPU
		{6ADA93F2-EA19-4980-A9BC-281C10839662}.DVD-5|Mixed Platforms.Build.0 = Debug|Any CPU
		{6ADA93F2-EA19-4980-A9BC-281C10839662}.DVD-5|x86.ActiveCfg = Debug|Any CPU
		{6ADA93F2-EA19-4980-A9BC-281C10839662}.DVD-5|x86.Build.0 = Debug|Any CPU
		{6ADA93F2-EA19-4980-A9BC-281C10839662}.Release|Any CPU.ActiveCfg = Release|Any CPU
		{6ADA93F2-EA19-4980-A9BC-281C10839662}.Release|Any CPU.Build.0 = Release|Any CPU
		{6ADA93F2-EA19-4980-A9BC-281C10839662}.Release|Mixed Platforms.ActiveCfg = Release|Any CPU
		{6ADA93F2-EA19-4980-A9BC-281C10839662}.Release|Mixed Platforms.Build.0 = Release|Any CPU
		{6ADA93F2-EA19-4980-A9BC-281C10839662}.Release|x86.ActiveCfg = Release|Any CPU
		{6ADA93F2-EA19-4980-A9BC-281C10839662}.Release|x86.Build.0 = Release|Any CPU
		{6ADA93F2-EA19-4980-A9BC-281C10839662}.SingleImage|Any CPU.ActiveCfg = Debug|Any CPU
		{6ADA93F2-EA19-4980-A9BC-281C10839662}.SingleImage|Any CPU.Build.0 = Debug|Any CPU
		{6ADA93F2-EA19-4980-A9BC-281C10839662}.SingleImage|Mixed Platforms.ActiveCfg = Debug|Any CPU
		{6ADA93F2-EA19-4980-A9BC-281C10839662}.SingleImage|Mixed Platforms.Build.0 = Debug|Any CPU
		{6ADA93F2-EA19-4980-A9BC-281C10839662}.SingleImage|x86.ActiveCfg = Debug|Any CPU
		{6ADA93F2-EA19-4980-A9BC-281C10839662}.SingleImage|x86.Build.0 = Debug|Any CPU
		{339E9244-8C0C-40F2-A751-C6C2B32EBA1C}.CD_ROM|Any CPU.ActiveCfg = Debug|Any CPU
		{339E9244-8C0C-40F2-A751-C6C2B32EBA1C}.CD_ROM|Any CPU.Build.0 = Debug|Any CPU
		{339E9244-8C0C-40F2-A751-C6C2B32EBA1C}.CD_ROM|Mixed Platforms.ActiveCfg = Debug|Any CPU
		{339E9244-8C0C-40F2-A751-C6C2B32EBA1C}.CD_ROM|Mixed Platforms.Build.0 = Debug|Any CPU
		{339E9244-8C0C-40F2-A751-C6C2B32EBA1C}.CD_ROM|x86.ActiveCfg = Debug|Any CPU
		{339E9244-8C0C-40F2-A751-C6C2B32EBA1C}.CD_ROM|x86.Build.0 = Debug|Any CPU
		{339E9244-8C0C-40F2-A751-C6C2B32EBA1C}.Debug|Any CPU.ActiveCfg = Debug|Any CPU
		{339E9244-8C0C-40F2-A751-C6C2B32EBA1C}.Debug|Any CPU.Build.0 = Debug|Any CPU
		{339E9244-8C0C-40F2-A751-C6C2B32EBA1C}.Debug|Mixed Platforms.ActiveCfg = Debug|Any CPU
		{339E9244-8C0C-40F2-A751-C6C2B32EBA1C}.Debug|Mixed Platforms.Build.0 = Debug|Any CPU
		{339E9244-8C0C-40F2-A751-C6C2B32EBA1C}.Debug|x86.ActiveCfg = Debug|Any CPU
		{339E9244-8C0C-40F2-A751-C6C2B32EBA1C}.Debug|x86.Build.0 = Debug|Any CPU
		{339E9244-8C0C-40F2-A751-C6C2B32EBA1C}.DVD-5|Any CPU.ActiveCfg = Debug|Any CPU
		{339E9244-8C0C-40F2-A751-C6C2B32EBA1C}.DVD-5|Any CPU.Build.0 = Debug|Any CPU
		{339E9244-8C0C-40F2-A751-C6C2B32EBA1C}.DVD-5|Mixed Platforms.ActiveCfg = Debug|Any CPU
		{339E9244-8C0C-40F2-A751-C6C2B32EBA1C}.DVD-5|Mixed Platforms.Build.0 = Debug|Any CPU
		{339E9244-8C0C-40F2-A751-C6C2B32EBA1C}.DVD-5|x86.ActiveCfg = Debug|Any CPU
		{339E9244-8C0C-40F2-A751-C6C2B32EBA1C}.DVD-5|x86.Build.0 = Debug|Any CPU
		{339E9244-8C0C-40F2-A751-C6C2B32EBA1C}.Release|Any CPU.ActiveCfg = Release|Any CPU
		{339E9244-8C0C-40F2-A751-C6C2B32EBA1C}.Release|Any CPU.Build.0 = Release|Any CPU
		{339E9244-8C0C-40F2-A751-C6C2B32EBA1C}.Release|Mixed Platforms.ActiveCfg = Release|Any CPU
		{339E9244-8C0C-40F2-A751-C6C2B32EBA1C}.Release|Mixed Platforms.Build.0 = Release|Any CPU
		{339E9244-8C0C-40F2-A751-C6C2B32EBA1C}.Release|x86.ActiveCfg = Release|Any CPU
		{339E9244-8C0C-40F2-A751-C6C2B32EBA1C}.Release|x86.Build.0 = Release|Any CPU
		{339E9244-8C0C-40F2-A751-C6C2B32EBA1C}.SingleImage|Any CPU.ActiveCfg = Debug|Any CPU
		{339E9244-8C0C-40F2-A751-C6C2B32EBA1C}.SingleImage|Any CPU.Build.0 = Debug|Any CPU
		{339E9244-8C0C-40F2-A751-C6C2B32EBA1C}.SingleImage|Mixed Platforms.ActiveCfg = Debug|Any CPU
		{339E9244-8C0C-40F2-A751-C6C2B32EBA1C}.SingleImage|Mixed Platforms.Build.0 = Debug|Any CPU
		{339E9244-8C0C-40F2-A751-C6C2B32EBA1C}.SingleImage|x86.ActiveCfg = Debug|Any CPU
		{339E9244-8C0C-40F2-A751-C6C2B32EBA1C}.SingleImage|x86.Build.0 = Debug|Any CPU
	EndGlobalSection
	GlobalSection(SolutionProperties) = preSolution
		HideSolutionNode = FALSE
	EndGlobalSection
	GlobalSection(ExtensibilityGlobals) = postSolution
		SolutionGuid = {C88586DB-43BA-4791-A821-A232AEF0F93D}
	EndGlobalSection
EndGlobal
